Microsoft Visual Studio Solution File, Format Version 8.00
Project("{8BC9CEB8-8B4A-11D0-8D11-00A0C91BC942}") = "gpgpu_reductions", "gpgpu_reductions.vcproj", "{82BF656B-EDED-4B84-97F0-ED576F8799F8}"
	ProjectSection(ProjectDependencies) = postProject
	EndProjectSection
EndProject
Global
	GlobalSection(SolutionConfiguration) = preSolution
		Debug = Debug
		Release = Release
	EndGlobalSection
	GlobalSection(ProjectConfiguration) = postSolution
		{82BF656B-EDED-4B84-97F0-ED576F8799F8}.Debug.ActiveCfg = Debug|Win32
		{82BF656B-EDED-4B84-97F0-ED576F8799F8}.Debug.Build.0 = Debug|Win32
		{82BF656B-EDED-4B84-97F0-ED576F8799F8}.Release.ActiveCfg = Release|Win32
		{82BF656B-EDED-4B84-97F0-ED576F8799F8}.Release.Build.0 = Release|Win32
	EndGlobalSection
	GlobalSection(ExtensibilityGlobals) = postSolution
	EndGlobalSection
	GlobalSection(ExtensibilityAddIns) = postSolution
	EndGlobalSection
EndGlobal
