Microsoft Visual Studio Solution File, Format Version 7.00
Project("{8BC9CEB8-8B4A-11D0-8D11-00A0C91BC942}") = "Conservative", "Conservative.vcproj", "{56A9A0E9-9F0A-48B7-9A24-CE4D2E843B4A}"
EndProject
Global
	GlobalSection(SolutionConfiguration) = preSolution
		ConfigName.0 = Debug
		ConfigName.1 = Release
	EndGlobalSection
	GlobalSection(ProjectDependencies) = postSolution
	EndGlobalSection
	GlobalSection(ProjectConfiguration) = postSolution
		{56A9A0E9-9F0A-48B7-9A24-CE4D2E843B4A}.Debug.ActiveCfg = Debug|Win32
		{56A9A0E9-9F0A-48B7-9A24-CE4D2E843B4A}.Debug.Build.0 = Debug|Win32
		{56A9A0E9-9F0A-48B7-9A24-CE4D2E843B4A}.Release.ActiveCfg = Release|Win32
		{56A9A0E9-9F0A-48B7-9A24-CE4D2E843B4A}.Release.Build.0 = Release|Win32
	EndGlobalSection
	GlobalSection(ExtensibilityGlobals) = postSolution
	EndGlobalSection
	GlobalSection(ExtensibilityAddIns) = postSolution
	EndGlobalSection
EndGlobal
